
Microsoft Visual Studio Solution File, Format Version 12.00
# Visual Studio Version 17
VisualStudioVersion = 17.0.31903.59
MinimumVisualStudioVersion = 10.0.40219.1
Project("{FAE04EC0-301F-11D3-BF4B-00C04F79EFBC}") = "AuthServer", "AuthServer\AuthServer.csproj", "{D7B35BD3-4227-4048-96F0-9A29A384D49A}"
EndProject
Project("{FAE04EC0-301F-11D3-BF4B-00C04F79EFBC}") = "SampleAPI", "SampleAPI\SampleAPI.csproj", "{94FEFD81-C11C-4848-A91A-CF215333494A}"
EndProject
Project("{FAE04EC0-301F-11D3-BF4B-00C04F79EFBC}") = "WebClient", "WebClient\WebClient.csproj", "{0244462E-A27A-462F-95DC-651C1C4EFEE7}"
EndProject
Project("{2150E333-8FDC-42A3-9474-1A3956D46DE8}") = "src", "src", "{827E0CD3-B72D-47B6-A68D-7590B98EB39B}"
EndProject
Project("{2150E333-8FDC-42A3-9474-1A3956D46DE8}") = "tests", "tests", "{0AB3BF05-4346-4AA6-1389-037BE0695223}"
EndProject
Project("{2150E333-8FDC-42A3-9474-1A3956D46DE8}") = "docs", "docs", "{208BA388-4CEE-2CBF-559C-5607C099C1F8}"
EndProject
Project("{FAE04EC0-301F-11D3-BF4B-00C04F79EFBC}") = "AuthServer.Domain", "src\AuthServer.Domain\AuthServer.Domain.csproj", "{C4DBAA4C-31EA-49EF-88A9-3F6D16F425E3}"
EndProject
Project("{FAE04EC0-301F-11D3-BF4B-00C04F79EFBC}") = "AuthServer.Application", "src\AuthServer.Application\AuthServer.Application.csproj", "{9BB768DB-8BD0-4415-9718-B7A50FF8E1E7}"
EndProject
Project("{FAE04EC0-301F-11D3-BF4B-00C04F79EFBC}") = "AuthServer.Infrastructure", "src\AuthServer.Infrastructure\AuthServer.Infrastructure.csproj", "{26E2E4A9-68FA-4734-BBAF-B6BED2DE8992}"
EndProject
Project("{FAE04EC0-301F-11D3-BF4B-00C04F79EFBC}") = "AuthServer.API", "src\AuthServer.API\AuthServer.API.csproj", "{691E5915-3CD2-4B49-A9FE-08BF59BB9123}"
EndProject
Project("{2150E333-8FDC-42A3-9474-1A3956D46DE8}") = "poc", "poc", "{91A61E71-63CB-8585-6B43-D839BF390033}"
EndProject
Global
	GlobalSection(SolutionConfigurationPlatforms) = preSolution
		Debug|Any CPU = Debug|Any CPU
		Debug|x64 = Debug|x64
		Debug|x86 = Debug|x86
		Release|Any CPU = Release|Any CPU
		Release|x64 = Release|x64
		Release|x86 = Release|x86
	EndGlobalSection
	GlobalSection(ProjectConfigurationPlatforms) = postSolution
		{D7B35BD3-4227-4048-96F0-9A29A384D49A}.Debug|Any CPU.ActiveCfg = Debug|Any CPU
		{D7B35BD3-4227-4048-96F0-9A29A384D49A}.Debug|Any CPU.Build.0 = Debug|Any CPU
		{D7B35BD3-4227-4048-96F0-9A29A384D49A}.Debug|x64.ActiveCfg = Debug|Any CPU
		{D7B35BD3-4227-4048-96F0-9A29A384D49A}.Debug|x64.Build.0 = Debug|Any CPU
		{D7B35BD3-4227-4048-96F0-9A29A384D49A}.Debug|x86.ActiveCfg = Debug|Any CPU
		{D7B35BD3-4227-4048-96F0-9A29A384D49A}.Debug|x86.Build.0 = Debug|Any CPU
		{D7B35BD3-4227-4048-96F0-9A29A384D49A}.Release|Any CPU.ActiveCfg = Release|Any CPU
		{D7B35BD3-4227-4048-96F0-9A29A384D49A}.Release|Any CPU.Build.0 = Release|Any CPU
		{D7B35BD3-4227-4048-96F0-9A29A384D49A}.Release|x64.ActiveCfg = Release|Any CPU
		{D7B35BD3-4227-4048-96F0-9A29A384D49A}.Release|x64.Build.0 = Release|Any CPU
		{D7B35BD3-4227-4048-96F0-9A29A384D49A}.Release|x86.ActiveCfg = Release|Any CPU
		{D7B35BD3-4227-4048-96F0-9A29A384D49A}.Release|x86.Build.0 = Release|Any CPU
		{94FEFD81-C11C-4848-A91A-CF215333494A}.Debug|Any CPU.ActiveCfg = Debug|Any CPU
		{94FEFD81-C11C-4848-A91A-CF215333494A}.Debug|Any CPU.Build.0 = Debug|Any CPU
		{94FEFD81-C11C-4848-A91A-CF215333494A}.Debug|x64.ActiveCfg = Debug|Any CPU
		{94FEFD81-C11C-4848-A91A-CF215333494A}.Debug|x64.Build.0 = Debug|Any CPU
		{94FEFD81-C11C-4848-A91A-CF215333494A}.Debug|x86.ActiveCfg = Debug|Any CPU
		{94FEFD81-C11C-4848-A91A-CF215333494A}.Debug|x86.Build.0 = Debug|Any CPU
		{94FEFD81-C11C-4848-A91A-CF215333494A}.Release|Any CPU.ActiveCfg = Release|Any CPU
		{94FEFD81-C11C-4848-A91A-CF215333494A}.Release|Any CPU.Build.0 = Release|Any CPU
		{94FEFD81-C11C-4848-A91A-CF215333494A}.Release|x64.ActiveCfg = Release|Any CPU
		{94FEFD81-C11C-4848-A91A-CF215333494A}.Release|x64.Build.0 = Release|Any CPU
		{94FEFD81-C11C-4848-A91A-CF215333494A}.Release|x86.ActiveCfg = Release|Any CPU
		{94FEFD81-C11C-4848-A91A-CF215333494A}.Release|x86.Build.0 = Release|Any CPU
		{0244462E-A27A-462F-95DC-651C1C4EFEE7}.Debug|Any CPU.ActiveCfg = Debug|Any CPU
		{0244462E-A27A-462F-95DC-651C1C4EFEE7}.Debug|Any CPU.Build.0 = Debug|Any CPU
		{0244462E-A27A-462F-95DC-651C1C4EFEE7}.Debug|x64.ActiveCfg = Debug|Any CPU
		{0244462E-A27A-462F-95DC-651C1C4EFEE7}.Debug|x64.Build.0 = Debug|Any CPU
		{0244462E-A27A-462F-95DC-651C1C4EFEE7}.Debug|x86.ActiveCfg = Debug|Any CPU
		{0244462E-A27A-462F-95DC-651C1C4EFEE7}.Debug|x86.Build.0 = Debug|Any CPU
		{0244462E-A27A-462F-95DC-651C1C4EFEE7}.Release|Any CPU.ActiveCfg = Release|Any CPU
		{0244462E-A27A-462F-95DC-651C1C4EFEE7}.Release|Any CPU.Build.0 = Release|Any CPU
		{0244462E-A27A-462F-95DC-651C1C4EFEE7}.Release|x64.ActiveCfg = Release|Any CPU
		{0244462E-A27A-462F-95DC-651C1C4EFEE7}.Release|x64.Build.0 = Release|Any CPU
		{0244462E-A27A-462F-95DC-651C1C4EFEE7}.Release|x86.ActiveCfg = Release|Any CPU
		{0244462E-A27A-462F-95DC-651C1C4EFEE7}.Release|x86.Build.0 = Release|Any CPU
		{C4DBAA4C-31EA-49EF-88A9-3F6D16F425E3}.Debug|Any CPU.ActiveCfg = Debug|Any CPU
		{C4DBAA4C-31EA-49EF-88A9-3F6D16F425E3}.Debug|Any CPU.Build.0 = Debug|Any CPU
		{C4DBAA4C-31EA-49EF-88A9-3F6D16F425E3}.Debug|x64.ActiveCfg = Debug|Any CPU
		{C4DBAA4C-31EA-49EF-88A9-3F6D16F425E3}.Debug|x64.Build.0 = Debug|Any CPU
		{C4DBAA4C-31EA-49EF-88A9-3F6D16F425E3}.Debug|x86.ActiveCfg = Debug|Any CPU
		{C4DBAA4C-31EA-49EF-88A9-3F6D16F425E3}.Debug|x86.Build.0 = Debug|Any CPU
		{C4DBAA4C-31EA-49EF-88A9-3F6D16F425E3}.Release|Any CPU.ActiveCfg = Release|Any CPU
		{C4DBAA4C-31EA-49EF-88A9-3F6D16F425E3}.Release|Any CPU.Build.0 = Release|Any CPU
		{C4DBAA4C-31EA-49EF-88A9-3F6D16F425E3}.Release|x64.ActiveCfg = Release|Any CPU
		{C4DBAA4C-31EA-49EF-88A9-3F6D16F425E3}.Release|x64.Build.0 = Release|Any CPU
		{C4DBAA4C-31EA-49EF-88A9-3F6D16F425E3}.Release|x86.ActiveCfg = Release|Any CPU
		{C4DBAA4C-31EA-49EF-88A9-3F6D16F425E3}.Release|x86.Build.0 = Release|Any CPU
		{9BB768DB-8BD0-4415-9718-B7A50FF8E1E7}.Debug|Any CPU.ActiveCfg = Debug|Any CPU
		{9BB768DB-8BD0-4415-9718-B7A50FF8E1E7}.Debug|Any CPU.Build.0 = Debug|Any CPU
		{9BB768DB-8BD0-4415-9718-B7A50FF8E1E7}.Debug|x64.ActiveCfg = Debug|Any CPU
		{9BB768DB-8BD0-4415-9718-B7A50FF8E1E7}.Debug|x64.Build.0 = Debug|Any CPU
		{9BB768DB-8BD0-4415-9718-B7A50FF8E1E7}.Debug|x86.ActiveCfg = Debug|Any CPU
		{9BB768DB-8BD0-4415-9718-B7A50FF8E1E7}.Debug|x86.Build.0 = Debug|Any CPU
		{9BB768DB-8BD0-4415-9718-B7A50FF8E1E7}.Release|Any CPU.ActiveCfg = Release|Any CPU
		{9BB768DB-8BD0-4415-9718-B7A50FF8E1E7}.Release|Any CPU.Build.0 = Release|Any CPU
		{9BB768DB-8BD0-4415-9718-B7A50FF8E1E7}.Release|x64.ActiveCfg = Release|Any CPU
		{9BB768DB-8BD0-4415-9718-B7A50FF8E1E7}.Release|x64.Build.0 = Release|Any CPU
		{9BB768DB-8BD0-4415-9718-B7A50FF8E1E7}.Release|x86.ActiveCfg = Release|Any CPU
		{9BB768DB-8BD0-4415-9718-B7A50FF8E1E7}.Release|x86.Build.0 = Release|Any CPU
		{26E2E4A9-68FA-4734-BBAF-B6BED2DE8992}.Debug|Any CPU.ActiveCfg = Debug|Any CPU
		{26E2E4A9-68FA-4734-BBAF-B6BED2DE8992}.Debug|Any CPU.Build.0 = Debug|Any CPU
		{26E2E4A9-68FA-4734-BBAF-B6BED2DE8992}.Debug|x64.ActiveCfg = Debug|Any CPU
		{26E2E4A9-68FA-4734-BBAF-B6BED2DE8992}.Debug|x64.Build.0 = Debug|Any CPU
		{26E2E4A9-68FA-4734-BBAF-B6BED2DE8992}.Debug|x86.ActiveCfg = Debug|Any CPU
		{26E2E4A9-68FA-4734-BBAF-B6BED2DE8992}.Debug|x86.Build.0 = Debug|Any CPU
		{26E2E4A9-68FA-4734-BBAF-B6BED2DE8992}.Release|Any CPU.ActiveCfg = Release|Any CPU
		{26E2E4A9-68FA-4734-BBAF-B6BED2DE8992}.Release|Any CPU.Build.0 = Release|Any CPU
		{26E2E4A9-68FA-4734-BBAF-B6BED2DE8992}.Release|x64.ActiveCfg = Release|Any CPU
		{26E2E4A9-68FA-4734-BBAF-B6BED2DE8992}.Release|x64.Build.0 = Release|Any CPU
		{26E2E4A9-68FA-4734-BBAF-B6BED2DE8992}.Release|x86.ActiveCfg = Release|Any CPU
		{26E2E4A9-68FA-4734-BBAF-B6BED2DE8992}.Release|x86.Build.0 = Release|Any CPU
		{691E5915-3CD2-4B49-A9FE-08BF59BB9123}.Debug|Any CPU.ActiveCfg = Debug|Any CPU
		{691E5915-3CD2-4B49-A9FE-08BF59BB9123}.Debug|Any CPU.Build.0 = Debug|Any CPU
		{691E5915-3CD2-4B49-A9FE-08BF59BB9123}.Debug|x64.ActiveCfg = Debug|Any CPU
		{691E5915-3CD2-4B49-A9FE-08BF59BB9123}.Debug|x64.Build.0 = Debug|Any CPU
		{691E5915-3CD2-4B49-A9FE-08BF59BB9123}.Debug|x86.ActiveCfg = Debug|Any CPU
		{691E5915-3CD2-4B49-A9FE-08BF59BB9123}.Debug|x86.Build.0 = Debug|Any CPU
		{691E5915-3CD2-4B49-A9FE-08BF59BB9123}.Release|Any CPU.ActiveCfg = Release|Any CPU
		{691E5915-3CD2-4B49-A9FE-08BF59BB9123}.Release|Any CPU.Build.0 = Release|Any CPU
		{691E5915-3CD2-4B49-A9FE-08BF59BB9123}.Release|x64.ActiveCfg = Release|Any CPU
		{691E5915-3CD2-4B49-A9FE-08BF59BB9123}.Release|x64.Build.0 = Release|Any CPU
		{691E5915-3CD2-4B49-A9FE-08BF59BB9123}.Release|x86.ActiveCfg = Release|Any CPU
		{691E5915-3CD2-4B49-A9FE-08BF59BB9123}.Release|x86.Build.0 = Release|Any CPU
	EndGlobalSection
	GlobalSection(SolutionProperties) = preSolution
		HideSolutionNode = FALSE
	EndGlobalSection
	GlobalSection(NestedProjects) = preSolution
		{D7B35BD3-4227-4048-96F0-9A29A384D49A} = {91A61E71-63CB-8585-6B43-D839BF390033}
		{94FEFD81-C11C-4848-A91A-CF215333494A} = {91A61E71-63CB-8585-6B43-D839BF390033}
		{0244462E-A27A-462F-95DC-651C1C4EFEE7} = {91A61E71-63CB-8585-6B43-D839BF390033}
		{C4DBAA4C-31EA-49EF-88A9-3F6D16F425E3} = {827E0CD3-B72D-47B6-A68D-7590B98EB39B}
		{9BB768DB-8BD0-4415-9718-B7A50FF8E1E7} = {827E0CD3-B72D-47B6-A68D-7590B98EB39B}
		{26E2E4A9-68FA-4734-BBAF-B6BED2DE8992} = {827E0CD3-B72D-47B6-A68D-7590B98EB39B}
		{691E5915-3CD2-4B49-A9FE-08BF59BB9123} = {827E0CD3-B72D-47B6-A68D-7590B98EB39B}
	EndGlobalSection
	GlobalSection(ExtensibilityGlobals) = postSolution
		SolutionGuid = {2FFF3D73-FFF4-4ABD-BCB4-DA1B6EDF1474}
	EndGlobalSection
EndGlobal
